
Microsoft Visual Studio Solution File, Format Version 12.00
# Visual Studio Version 16
VisualStudioVersion = 16.0.33801.447
MinimumVisualStudioVersion = 10.0.40219.1
Project("{9A19103F-16F7-4668-BE54-9A1E7A4F7556}") = "Uhost.Core", "Uhost.Core\Uhost.Core.csproj", "{CF582975-F57B-4E94-8F1A-89EAE9C63BEA}"
EndProject
Project("{9A19103F-16F7-4668-BE54-9A1E7A4F7556}") = "Uhost.Web", "Uhost.Web\Uhost.Web.csproj", "{AC24A144-F94F-49E5-8FF7-054BE5B596E2}"
EndProject
Project("{2150E333-8FDC-42A3-9474-1A3956D46DE8}") = "Solution Items", "Solution Items", "{05AD9B41-E6F7-48D8-9F2C-5B0FF19FF36E}"
	ProjectSection(SolutionItems) = preProject
		.editorconfig = .editorconfig
	EndProjectSection
EndProject
Project("{9A19103F-16F7-4668-BE54-9A1E7A4F7556}") = "Uhost.Console", "Uhost.Console\Uhost.Console.csproj", "{8866CCCD-7620-493C-9F1D-B50070E3A728}"
EndProject
Project("{FAE04EC0-301F-11D3-BF4B-00C04F79EFBC}") = "Uhost.Tests", "Uhost.Tests\Uhost.Tests.csproj", "{FC824D7D-17B5-4B4E-80CC-DBA037829ABB}"
EndProject
Global
	GlobalSection(SolutionConfigurationPlatforms) = preSolution
		Debug|Any CPU = Debug|Any CPU
		Release|Any CPU = Release|Any CPU
	EndGlobalSection
	GlobalSection(ProjectConfigurationPlatforms) = postSolution
		{CF582975-F57B-4E94-8F1A-89EAE9C63BEA}.Debug|Any CPU.ActiveCfg = Debug|Any CPU
		{CF582975-F57B-4E94-8F1A-89EAE9C63BEA}.Debug|Any CPU.Build.0 = Debug|Any CPU
		{CF582975-F57B-4E94-8F1A-89EAE9C63BEA}.Release|Any CPU.ActiveCfg = Release|Any CPU
		{CF582975-F57B-4E94-8F1A-89EAE9C63BEA}.Release|Any CPU.Build.0 = Release|Any CPU
		{AC24A144-F94F-49E5-8FF7-054BE5B596E2}.Debug|Any CPU.ActiveCfg = Debug|Any CPU
		{AC24A144-F94F-49E5-8FF7-054BE5B596E2}.Debug|Any CPU.Build.0 = Debug|Any CPU
		{AC24A144-F94F-49E5-8FF7-054BE5B596E2}.Release|Any CPU.ActiveCfg = Release|Any CPU
		{AC24A144-F94F-49E5-8FF7-054BE5B596E2}.Release|Any CPU.Build.0 = Release|Any CPU
		{8866CCCD-7620-493C-9F1D-B50070E3A728}.Debug|Any CPU.ActiveCfg = Debug|Any CPU
		{8866CCCD-7620-493C-9F1D-B50070E3A728}.Debug|Any CPU.Build.0 = Debug|Any CPU
		{8866CCCD-7620-493C-9F1D-B50070E3A728}.Release|Any CPU.ActiveCfg = Release|Any CPU
		{8866CCCD-7620-493C-9F1D-B50070E3A728}.Release|Any CPU.Build.0 = Release|Any CPU
		{FC824D7D-17B5-4B4E-80CC-DBA037829ABB}.Debug|Any CPU.ActiveCfg = Debug|Any CPU
		{FC824D7D-17B5-4B4E-80CC-DBA037829ABB}.Debug|Any CPU.Build.0 = Debug|Any CPU
		{FC824D7D-17B5-4B4E-80CC-DBA037829ABB}.Release|Any CPU.ActiveCfg = Release|Any CPU
		{FC824D7D-17B5-4B4E-80CC-DBA037829ABB}.Release|Any CPU.Build.0 = Release|Any CPU
	EndGlobalSection
	GlobalSection(SolutionProperties) = preSolution
		HideSolutionNode = FALSE
	EndGlobalSection
	GlobalSection(ExtensibilityGlobals) = postSolution
		SolutionGuid = {098AF0E1-9CDB-4D74-B37F-8583F9EAC5F3}
	EndGlobalSection
EndGlobal
